
Microsoft Visual Studio Solution File, Format Version 12.00
# Visual Studio 2012
Project("{8BC9CEB8-8B4A-11D0-8D11-00A0C91BC942}") = "TEST PROC INJ", "TEST PROC INJ\TEST PROC INJ.vcxproj", "{E713B258-625A-4AAD-8896-810D1DBEC0EF}"
EndProject
Global
	GlobalSection(SolutionConfigurationPlatforms) = preSolution
		Debug|Win32 = Debug|Win32
		Release|Win32 = Release|Win32
	EndGlobalSection
	GlobalSection(ProjectConfigurationPlatforms) = postSolution
		{E713B258-625A-4AAD-8896-810D1DBEC0EF}.Debug|Win32.ActiveCfg = Debug|Win32
		{E713B258-625A-4AAD-8896-810D1DBEC0EF}.Debug|Win32.Build.0 = Debug|Win32
		{E713B258-625A-4AAD-8896-810D1DBEC0EF}.Release|Win32.ActiveCfg = Release|Win32
		{E713B258-625A-4AAD-8896-810D1DBEC0EF}.Release|Win32.Build.0 = Release|Win32
	EndGlobalSection
	GlobalSection(SolutionProperties) = preSolution
		HideSolutionNode = FALSE
	EndGlobalSection
EndGlobal
